{
  "name": "react-app",
  "version": "0.0.0",
  "lockfileVersion": 3,
  "requires": true,
  "packages": {
    "": {
      "name": "react-app",
      "version": "0.0.0",
      "dependencies": {
        "prop-for-that": "^0.7.12"
      }
    },
    "node_modules/prop-for-that": {
      "version": "0.7.12",
      "resolved": "https://registry.npmjs.org/prop-for-that/-/prop-for-that-0.7.12.tgz",
      "integrity": "sha512-GKe09lG8pDH6F9znK7MaAIfpTyiyj7MYv9S7apNBv6722v4vdI0ouCPBI9ncWyyqaEzCIG1nQfpcMmsHqQyQxw==",
      "license": "MIT"
    }
  }
}
